{
  "name": "trader",
  "version": "1.0.0",
  "lockfileVersion": 1,
  "requires": true,
  "dependencies": {
    "@types/node": {
      "version": "14.0.4",
      "resolved": "https://registry.npmjs.org/@types/node/-/node-14.0.4.tgz",
      "integrity": "sha512-k3NqigXWRzQZVBDS5D1U70A5E8Qk4Kh+Ha/x4M8Bt9pF0X05eggfnC9+63Usc9Q928hRUIpIhTQaXsZwZBl4Ew=="
    },
    "@types/ws": {
      "version": "7.2.4",
      "resolved": "https://registry.npmjs.org/@types/ws/-/ws-7.2.4.tgz",
      "integrity": "sha512-9S6Ask71vujkVyeEXKxjBSUV8ZUB0mjL5la4IncBoheu04bDaYyUKErh1BQcY9+WzOUOiKqz/OnpJHYckbMfNg==",
      "requires": {
        "@types/node": "*"
      }
    },
    "ws": {
      "version": "7.3.0",
      "resolved": "https://registry.npmjs.org/ws/-/ws-7.3.0.tgz",
      "integrity": "sha512-iFtXzngZVXPGgpTlP1rBqsUK82p9tKqsWRPg5L56egiljujJT3vGAYnHANvFxBieXrTFavhzhxW52jnaWV+w2w=="
    }
  }
}
